
Microsoft Visual Studio Solution File, Format Version 12.00
# Visual Studio Version 17
VisualStudioVersion = 17.12.35707.178 d17.12
MinimumVisualStudioVersion = 10.0.40219.1
Project("{FAE04EC0-301F-11D3-BF4B-00C04F79EFBC}") = "Fluid_Test", "Fluid_Test.csproj", "{833F72BE-0449-4B69-8436-DF9F7D49BC33}"
EndProject
Global
	GlobalSection(SolutionConfigurationPlatforms) = preSolution
		Debug|Any CPU = Debug|Any CPU
		Release|Any CPU = Release|Any CPU
	EndGlobalSection
	GlobalSection(ProjectConfigurationPlatforms) = postSolution
		{833F72BE-0449-4B69-8436-DF9F7D49BC33}.Debug|Any CPU.ActiveCfg = Debug|Any CPU
		{833F72BE-0449-4B69-8436-DF9F7D49BC33}.Debug|Any CPU.Build.0 = Debug|Any CPU
		{833F72BE-0449-4B69-8436-DF9F7D49BC33}.Release|Any CPU.ActiveCfg = Release|Any CPU
		{833F72BE-0449-4B69-8436-DF9F7D49BC33}.Release|Any CPU.Build.0 = Release|Any CPU
	EndGlobalSection
	GlobalSection(SolutionProperties) = preSolution
		HideSolutionNode = FALSE
	EndGlobalSection
EndGlobal
